{
  "version": 4,
  "terraform_version": "1.0.7",
  "serial": 565,
  "lineage": "5e447caf-f1f1-2159-6763-fb47fee877f5",
  "outputs": {},
  "resources": [
    {
      "mode": "managed",
      "type": "azurerm_bastion_host",
      "name": "Bastion",
      "provider": "provider[\"registry.terraform.io/hashicorp/azurerm\"]",
      "instances": [
        {
          "schema_version": 0,
          "attributes": {
            "dns_name": "bst-686eafa6-7d68-41fc-a657-ae1b899a2d84.bastion.azure.com",
            "id": "/subscriptions/dbeb8347-1964-4c45-b3c0-ffb54d82c093/resourceGroups/hei-gis-infraint-P-RG/providers/Microsoft.Network/bastionHosts/rt-hei-gis-infraint-P-Bastion",
            "ip_configuration": [
              {
                "name": "configuration",
                "public_ip_address_id": "/subscriptions/dbeb8347-1964-4c45-b3c0-ffb54d82c093/resourceGroups/hei-gis-infraint-P-RG/providers/Microsoft.Network/publicIPAddresses/rt-hei-gis-infraint-P-Bastion-Pubip",
                "subnet_id": "/subscriptions/dbeb8347-1964-4c45-b3c0-ffb54d82c093/resourceGroups/hei-gis-infraint-P/providers/Microsoft.Network/virtualNetworks/hei-gis-infraint-P-hub-vnet/subnets/AzureBastionSubnet"
              }
            ],
            "location": "eastus",
            "name": "rt-hei-gis-infraint-P-Bastion",
            "resource_group_name": "hei-gis-infraint-P-RG",
            "tags": null,
            "timeouts": null
          },
          "sensitive_attributes": [],
          "private": "eyJlMmJmYjczMC1lY2FhLTExZTYtOGY4OC0zNDM2M2JjN2M0YzAiOnsiY3JlYXRlIjoxODAwMDAwMDAwMDAwLCJkZWxldGUiOjE4MDAwMDAwMDAwMDAsInJlYWQiOjMwMDAwMDAwMDAwMCwidXBkYXRlIjoxODAwMDAwMDAwMDAwfX0=",
          "dependencies": [
            "azurerm_public_ip.Bastion-pubip",
            "azurerm_resource_group.FirewallRG",
            "azurerm_resource_group.RG",
            "azurerm_subnet.BastionSubnet",
            "azurerm_virtual_network.hub-vnet"
          ]
        }
      ]
    },
    {
      "mode": "managed",
      "type": "azurerm_firewall",
      "name": "Firewall",
      "provider": "provider[\"registry.terraform.io/hashicorp/azurerm\"]",
      "instances": [
        {
          "schema_version": 0,
          "attributes": {
            "dns_servers": null,
            "firewall_policy_id": null,
            "id": "/subscriptions/dbeb8347-1964-4c45-b3c0-ffb54d82c093/resourceGroups/hei-gis-infraint-P/providers/Microsoft.Network/azureFirewalls/hei-gis-infraint-P-Firewall",
            "ip_configuration": [
              {
                "name": "configuration",
                "private_ip_address": "10.0.0.4",
                "public_ip_address_id": "/subscriptions/dbeb8347-1964-4c45-b3c0-ffb54d82c093/resourceGroups/hei-gis-infraint-P-RG/providers/Microsoft.Network/publicIPAddresses/hei-gis-infraint-P-firewall-pubip",
                "subnet_id": "/subscriptions/dbeb8347-1964-4c45-b3c0-ffb54d82c093/resourceGroups/hei-gis-infraint-P/providers/Microsoft.Network/virtualNetworks/hei-gis-infraint-P-hub-vnet/subnets/AzureFirewallSubnet"
              }
            ],
            "location": "eastus",
            "management_ip_configuration": [],
            "name": "hei-gis-infraint-P-Firewall",
            "private_ip_ranges": null,
            "resource_group_name": "hei-gis-infraint-P",
            "sku_name": "AZFW_VNet",
            "sku_tier": "Standard",
            "tags": null,
            "threat_intel_mode": "Alert",
            "timeouts": null,
            "virtual_hub": [],
            "zones": null
          },
          "sensitive_attributes": [],
          "private": "eyJlMmJmYjczMC1lY2FhLTExZTYtOGY4OC0zNDM2M2JjN2M0YzAiOnsiY3JlYXRlIjo1NDAwMDAwMDAwMDAwLCJkZWxldGUiOjU0MDAwMDAwMDAwMDAsInJlYWQiOjMwMDAwMDAwMDAwMCwidXBkYXRlIjo1NDAwMDAwMDAwMDAwfX0=",
          "dependencies": [
            "azurerm_public_ip.publicip",
            "azurerm_resource_group.FirewallRG",
            "azurerm_resource_group.RG",
            "azurerm_subnet.hub-subnet",
            "azurerm_virtual_network.hub-vnet"
          ]
        }
      ]
    },
    {
      "mode": "managed",
      "type": "azurerm_network_interface",
      "name": "spoke1-nic",
      "provider": "provider[\"registry.terraform.io/hashicorp/azurerm\"]",
      "instances": [
        {
          "schema_version": 0,
          "attributes": {
            "applied_dns_servers": [],
            "dns_servers": [],
            "enable_accelerated_networking": false,
            "enable_ip_forwarding": false,
            "id": "/subscriptions/dbeb8347-1964-4c45-b3c0-ffb54d82c093/resourceGroups/hei-gis-infraint-P/providers/Microsoft.Network/networkInterfaces/hei-gis-infraint-P-spoke1-nic",
            "internal_dns_name_label": "",
            "internal_domain_name_suffix": "1wh1bjexfjme3aac5ikzorz4jb.bx.internal.cloudapp.net",
            "ip_configuration": [
              {
                "name": "internal",
                "primary": true,
                "private_ip_address": "20.0.0.4",
                "private_ip_address_allocation": "Dynamic",
                "private_ip_address_version": "IPv4",
                "public_ip_address_id": "",
                "subnet_id": "/subscriptions/dbeb8347-1964-4c45-b3c0-ffb54d82c093/resourceGroups/hei-gis-infraint-P/providers/Microsoft.Network/virtualNetworks/hei-gis-infraint-P-Spoke1-vnet/subnets/hei-gis-infraint-P-Spoke1-subnet"
              }
            ],
            "location": "eastus",
            "mac_address": "",
            "name": "hei-gis-infraint-P-spoke1-nic",
            "private_ip_address": "20.0.0.4",
            "private_ip_addresses": [
              "20.0.0.4"
            ],
            "resource_group_name": "hei-gis-infraint-P",
            "tags": null,
            "timeouts": null,
            "virtual_machine_id": ""
          },
          "sensitive_attributes": [],
          "private": "eyJlMmJmYjczMC1lY2FhLTExZTYtOGY4OC0zNDM2M2JjN2M0YzAiOnsiY3JlYXRlIjoxODAwMDAwMDAwMDAwLCJkZWxldGUiOjE4MDAwMDAwMDAwMDAsInJlYWQiOjMwMDAwMDAwMDAwMCwidXBkYXRlIjoxODAwMDAwMDAwMDAwfX0=",
          "dependencies": [
            "azurerm_resource_group.RG",
            "azurerm_subnet.spoke1-subnet",
            "azurerm_virtual_network.spoke1-vnet"
          ]
        }
      ]
    },
    {
      "mode": "managed",
      "type": "azurerm_network_interface",
      "name": "spoke2-nic",
      "provider": "provider[\"registry.terraform.io/hashicorp/azurerm\"]",
      "instances": [
        {
          "schema_version": 0,
          "attributes": {
            "applied_dns_servers": [],
            "dns_servers": [],
            "enable_accelerated_networking": false,
            "enable_ip_forwarding": false,
            "id": "/subscriptions/dbeb8347-1964-4c45-b3c0-ffb54d82c093/resourceGroups/hei-gis-infraint-P/providers/Microsoft.Network/networkInterfaces/hei-gis-infraint-P-spoke2-nic",
            "internal_dns_name_label": "",
            "internal_domain_name_suffix": "p5k1mnejmoue5cw4csyrqjhzec.bx.internal.cloudapp.net",
            "ip_configuration": [
              {
                "name": "internal",
                "primary": true,
                "private_ip_address": "30.0.0.4",
                "private_ip_address_allocation": "Dynamic",
                "private_ip_address_version": "IPv4",
                "public_ip_address_id": "",
                "subnet_id": "/subscriptions/dbeb8347-1964-4c45-b3c0-ffb54d82c093/resourceGroups/hei-gis-infraint-P/providers/Microsoft.Network/virtualNetworks/hei-gis-infraint-P-Spoke2-vnet/subnets/hei-gis-infraint-P-Spoke2-subnet"
              }
            ],
            "location": "eastus",
            "mac_address": "",
            "name": "hei-gis-infraint-P-spoke2-nic",
            "private_ip_address": "30.0.0.4",
            "private_ip_addresses": [
              "30.0.0.4"
            ],
            "resource_group_name": "hei-gis-infraint-P",
            "tags": null,
            "timeouts": null,
            "virtual_machine_id": ""
          },
          "sensitive_attributes": [],
          "private": "eyJlMmJmYjczMC1lY2FhLTExZTYtOGY4OC0zNDM2M2JjN2M0YzAiOnsiY3JlYXRlIjoxODAwMDAwMDAwMDAwLCJkZWxldGUiOjE4MDAwMDAwMDAwMDAsInJlYWQiOjMwMDAwMDAwMDAwMCwidXBkYXRlIjoxODAwMDAwMDAwMDAwfX0=",
          "dependencies": [
            "azurerm_resource_group.RG",
            "azurerm_subnet.spoke2-subnet",
            "azurerm_virtual_network.spoke2-vnet"
          ]
        }
      ]
    },
    {
      "mode": "managed",
      "type": "azurerm_public_ip",
      "name": "Bastion-pubip",
      "provider": "provider[\"registry.terraform.io/hashicorp/azurerm\"]",
      "instances": [
        {
          "schema_version": 0,
          "attributes": {
            "allocation_method": "Static",
            "availability_zone": "Zone-Redundant",
            "domain_name_label": null,
            "fqdn": null,
            "id": "/subscriptions/dbeb8347-1964-4c45-b3c0-ffb54d82c093/resourceGroups/hei-gis-infraint-P-RG/providers/Microsoft.Network/publicIPAddresses/rt-hei-gis-infraint-P-Bastion-Pubip",
            "idle_timeout_in_minutes": 4,
            "ip_address": "20.102.25.120",
            "ip_tags": null,
            "ip_version": "IPv4",
            "location": "eastus",
            "name": "rt-hei-gis-infraint-P-Bastion-Pubip",
            "public_ip_prefix_id": null,
            "resource_group_name": "hei-gis-infraint-P-RG",
            "reverse_fqdn": null,
            "sku": "Standard",
            "sku_tier": "Regional",
            "tags": null,
            "timeouts": null,
            "zones": []
          },
          "sensitive_attributes": [],
          "private": "eyJlMmJmYjczMC1lY2FhLTExZTYtOGY4OC0zNDM2M2JjN2M0YzAiOnsiY3JlYXRlIjoxODAwMDAwMDAwMDAwLCJkZWxldGUiOjE4MDAwMDAwMDAwMDAsInJlYWQiOjMwMDAwMDAwMDAwMCwidXBkYXRlIjoxODAwMDAwMDAwMDAwfX0=",
          "dependencies": [
            "azurerm_resource_group.FirewallRG"
          ]
        }
      ]
    },
    {
      "mode": "managed",
      "type": "azurerm_public_ip",
      "name": "publicip",
      "provider": "provider[\"registry.terraform.io/hashicorp/azurerm\"]",
      "instances": [
        {
          "schema_version": 0,
          "attributes": {
            "allocation_method": "Static",
            "availability_zone": "Zone-Redundant",
            "domain_name_label": null,
            "fqdn": null,
            "id": "/subscriptions/dbeb8347-1964-4c45-b3c0-ffb54d82c093/resourceGroups/hei-gis-infraint-P-RG/providers/Microsoft.Network/publicIPAddresses/hei-gis-infraint-P-firewall-pubip",
            "idle_timeout_in_minutes": 4,
            "ip_address": "20.102.25.115",
            "ip_tags": null,
            "ip_version": "IPv4",
            "location": "eastus",
            "name": "hei-gis-infraint-P-firewall-pubip",
            "public_ip_prefix_id": null,
            "resource_group_name": "hei-gis-infraint-P-RG",
            "reverse_fqdn": null,
            "sku": "Standard",
            "sku_tier": "Regional",
            "tags": null,
            "timeouts": null,
            "zones": []
          },
          "sensitive_attributes": [],
          "private": "eyJlMmJmYjczMC1lY2FhLTExZTYtOGY4OC0zNDM2M2JjN2M0YzAiOnsiY3JlYXRlIjoxODAwMDAwMDAwMDAwLCJkZWxldGUiOjE4MDAwMDAwMDAwMDAsInJlYWQiOjMwMDAwMDAwMDAwMCwidXBkYXRlIjoxODAwMDAwMDAwMDAwfX0=",
          "dependencies": [
            "azurerm_resource_group.FirewallRG"
          ]
        }
      ]
    },
    {
      "mode": "managed",
      "type": "azurerm_resource_group",
      "name": "FirewallRG",
      "provider": "provider[\"registry.terraform.io/hashicorp/azurerm\"]",
      "instances": [
        {
          "schema_version": 0,
          "attributes": {
            "id": "/subscriptions/dbeb8347-1964-4c45-b3c0-ffb54d82c093/resourceGroups/hei-gis-infraint-P-RG",
            "location": "eastus",
            "name": "hei-gis-infraint-P-RG",
            "tags": null,
            "timeouts": null
          },
          "sensitive_attributes": [],
          "private": "eyJlMmJmYjczMC1lY2FhLTExZTYtOGY4OC0zNDM2M2JjN2M0YzAiOnsiY3JlYXRlIjo1NDAwMDAwMDAwMDAwLCJkZWxldGUiOjU0MDAwMDAwMDAwMDAsInJlYWQiOjMwMDAwMDAwMDAwMCwidXBkYXRlIjo1NDAwMDAwMDAwMDAwfX0="
        }
      ]
    },
    {
      "mode": "managed",
      "type": "azurerm_resource_group",
      "name": "RG",
      "provider": "provider[\"registry.terraform.io/hashicorp/azurerm\"]",
      "instances": [
        {
          "schema_version": 0,
          "attributes": {
            "id": "/subscriptions/dbeb8347-1964-4c45-b3c0-ffb54d82c093/resourceGroups/hei-gis-infraint-P",
            "location": "eastus",
            "name": "hei-gis-infraint-P",
            "tags": null,
            "timeouts": null
          },
          "sensitive_attributes": [],
          "private": "eyJlMmJmYjczMC1lY2FhLTExZTYtOGY4OC0zNDM2M2JjN2M0YzAiOnsiY3JlYXRlIjo1NDAwMDAwMDAwMDAwLCJkZWxldGUiOjU0MDAwMDAwMDAwMDAsInJlYWQiOjMwMDAwMDAwMDAwMCwidXBkYXRlIjo1NDAwMDAwMDAwMDAwfX0="
        }
      ]
    },
    {
      "mode": "managed",
      "type": "azurerm_route_table",
      "name": "Route_Table",
      "provider": "provider[\"registry.terraform.io/hashicorp/azurerm\"]",
      "instances": [
        {
          "schema_version": 0,
          "attributes": {
            "disable_bgp_route_propagation": false,
            "id": "/subscriptions/dbeb8347-1964-4c45-b3c0-ffb54d82c093/resourceGroups/hei-gis-infraint-P/providers/Microsoft.Network/routeTables/rt-hei-gis-infraint-P-01",
            "location": "eastus",
            "name": "rt-hei-gis-infraint-P-01",
            "resource_group_name": "hei-gis-infraint-P",
            "route": [
              {
                "address_prefix": "30.0.0.0/24",
                "name": "to_20.0.0.0",
                "next_hop_in_ip_address": "10.0.0.4",
                "next_hop_type": "VirtualAppliance"
              },
              {
                "address_prefix": "0.0.0.0/0",
                "name": "Default",
                "next_hop_in_ip_address": "10.0.0.4",
                "next_hop_type": "VirtualAppliance"
              }
            ],
            "subnets": [],
            "tags": null,
            "timeouts": null
          },
          "sensitive_attributes": [],
          "private": "eyJlMmJmYjczMC1lY2FhLTExZTYtOGY4OC0zNDM2M2JjN2M0YzAiOnsiY3JlYXRlIjoxODAwMDAwMDAwMDAwLCJkZWxldGUiOjE4MDAwMDAwMDAwMDAsInJlYWQiOjMwMDAwMDAwMDAwMCwidXBkYXRlIjoxODAwMDAwMDAwMDAwfX0=",
          "dependencies": [
            "azurerm_firewall.Firewall",
            "azurerm_public_ip.publicip",
            "azurerm_resource_group.FirewallRG",
            "azurerm_resource_group.RG",
            "azurerm_subnet.hub-subnet",
            "azurerm_virtual_network.hub-vnet"
          ]
        }
      ]
    },
    {
      "mode": "managed",
      "type": "azurerm_route_table",
      "name": "Route_Table1",
      "provider": "provider[\"registry.terraform.io/hashicorp/azurerm\"]",
      "instances": [
        {
          "schema_version": 0,
          "attributes": {
            "disable_bgp_route_propagation": false,
            "id": "/subscriptions/dbeb8347-1964-4c45-b3c0-ffb54d82c093/resourceGroups/hei-gis-infraint-P/providers/Microsoft.Network/routeTables/rt-hei-gis-infraint-P-02",
            "location": "eastus",
            "name": "rt-hei-gis-infraint-P-02",
            "resource_group_name": "hei-gis-infraint-P",
            "route": [
              {
                "address_prefix": "20.0.0.0/24",
                "name": "to_30.0.0.0",
                "next_hop_in_ip_address": "10.0.0.4",
                "next_hop_type": "VirtualAppliance"
              },
              {
                "address_prefix": "0.0.0.0/0",
                "name": "Default",
                "next_hop_in_ip_address": "10.0.0.4",
                "next_hop_type": "VirtualAppliance"
              }
            ],
            "subnets": [],
            "tags": null,
            "timeouts": null
          },
          "sensitive_attributes": [],
          "private": "eyJlMmJmYjczMC1lY2FhLTExZTYtOGY4OC0zNDM2M2JjN2M0YzAiOnsiY3JlYXRlIjoxODAwMDAwMDAwMDAwLCJkZWxldGUiOjE4MDAwMDAwMDAwMDAsInJlYWQiOjMwMDAwMDAwMDAwMCwidXBkYXRlIjoxODAwMDAwMDAwMDAwfX0=",
          "dependencies": [
            "azurerm_firewall.Firewall",
            "azurerm_public_ip.publicip",
            "azurerm_resource_group.FirewallRG",
            "azurerm_resource_group.RG",
            "azurerm_subnet.hub-subnet",
            "azurerm_virtual_network.hub-vnet"
          ]
        }
      ]
    },
    {
      "mode": "managed",
      "type": "azurerm_subnet",
      "name": "BastionSubnet",
      "provider": "provider[\"registry.terraform.io/hashicorp/azurerm\"]",
      "instances": [
        {
          "schema_version": 0,
          "attributes": {
            "address_prefix": "10.0.1.0/26",
            "address_prefixes": [
              "10.0.1.0/26"
            ],
            "delegation": [],
            "enforce_private_link_endpoint_network_policies": false,
            "enforce_private_link_service_network_policies": false,
            "id": "/subscriptions/dbeb8347-1964-4c45-b3c0-ffb54d82c093/resourceGroups/hei-gis-infraint-P/providers/Microsoft.Network/virtualNetworks/hei-gis-infraint-P-hub-vnet/subnets/AzureBastionSubnet",
            "name": "AzureBastionSubnet",
            "resource_group_name": "hei-gis-infraint-P",
            "service_endpoint_policy_ids": null,
            "service_endpoints": null,
            "timeouts": null,
            "virtual_network_name": "hei-gis-infraint-P-hub-vnet"
          },
          "sensitive_attributes": [],
          "private": "eyJlMmJmYjczMC1lY2FhLTExZTYtOGY4OC0zNDM2M2JjN2M0YzAiOnsiY3JlYXRlIjoxODAwMDAwMDAwMDAwLCJkZWxldGUiOjE4MDAwMDAwMDAwMDAsInJlYWQiOjMwMDAwMDAwMDAwMCwidXBkYXRlIjoxODAwMDAwMDAwMDAwfX0=",
          "dependencies": [
            "azurerm_resource_group.RG",
            "azurerm_virtual_network.hub-vnet"
          ]
        }
      ]
    },
    {
      "mode": "managed",
      "type": "azurerm_subnet",
      "name": "hub-subnet",
      "provider": "provider[\"registry.terraform.io/hashicorp/azurerm\"]",
      "instances": [
        {
          "schema_version": 0,
          "attributes": {
            "address_prefix": "10.0.0.0/24",
            "address_prefixes": [
              "10.0.0.0/24"
            ],
            "delegation": [],
            "enforce_private_link_endpoint_network_policies": false,
            "enforce_private_link_service_network_policies": false,
            "id": "/subscriptions/dbeb8347-1964-4c45-b3c0-ffb54d82c093/resourceGroups/hei-gis-infraint-P/providers/Microsoft.Network/virtualNetworks/hei-gis-infraint-P-hub-vnet/subnets/AzureFirewallSubnet",
            "name": "AzureFirewallSubnet",
            "resource_group_name": "hei-gis-infraint-P",
            "service_endpoint_policy_ids": null,
            "service_endpoints": null,
            "timeouts": null,
            "virtual_network_name": "hei-gis-infraint-P-hub-vnet"
          },
          "sensitive_attributes": [],
          "private": "eyJlMmJmYjczMC1lY2FhLTExZTYtOGY4OC0zNDM2M2JjN2M0YzAiOnsiY3JlYXRlIjoxODAwMDAwMDAwMDAwLCJkZWxldGUiOjE4MDAwMDAwMDAwMDAsInJlYWQiOjMwMDAwMDAwMDAwMCwidXBkYXRlIjoxODAwMDAwMDAwMDAwfX0=",
          "dependencies": [
            "azurerm_resource_group.RG",
            "azurerm_virtual_network.hub-vnet"
          ]
        }
      ]
    },
    {
      "mode": "managed",
      "type": "azurerm_subnet",
      "name": "spoke1-subnet",
      "provider": "provider[\"registry.terraform.io/hashicorp/azurerm\"]",
      "instances": [
        {
          "schema_version": 0,
          "attributes": {
            "address_prefix": "20.0.0.0/24",
            "address_prefixes": [
              "20.0.0.0/24"
            ],
            "delegation": [],
            "enforce_private_link_endpoint_network_policies": false,
            "enforce_private_link_service_network_policies": false,
            "id": "/subscriptions/dbeb8347-1964-4c45-b3c0-ffb54d82c093/resourceGroups/hei-gis-infraint-P/providers/Microsoft.Network/virtualNetworks/hei-gis-infraint-P-Spoke1-vnet/subnets/hei-gis-infraint-P-Spoke1-subnet",
            "name": "hei-gis-infraint-P-Spoke1-subnet",
            "resource_group_name": "hei-gis-infraint-P",
            "service_endpoint_policy_ids": null,
            "service_endpoints": null,
            "timeouts": null,
            "virtual_network_name": "hei-gis-infraint-P-Spoke1-vnet"
          },
          "sensitive_attributes": [],
          "private": "eyJlMmJmYjczMC1lY2FhLTExZTYtOGY4OC0zNDM2M2JjN2M0YzAiOnsiY3JlYXRlIjoxODAwMDAwMDAwMDAwLCJkZWxldGUiOjE4MDAwMDAwMDAwMDAsInJlYWQiOjMwMDAwMDAwMDAwMCwidXBkYXRlIjoxODAwMDAwMDAwMDAwfX0=",
          "dependencies": [
            "azurerm_resource_group.RG",
            "azurerm_virtual_network.spoke1-vnet"
          ]
        }
      ]
    },
    {
      "mode": "managed",
      "type": "azurerm_subnet",
      "name": "spoke2-subnet",
      "provider": "provider[\"registry.terraform.io/hashicorp/azurerm\"]",
      "instances": [
        {
          "schema_version": 0,
          "attributes": {
            "address_prefix": "30.0.0.0/24",
            "address_prefixes": [
              "30.0.0.0/24"
            ],
            "delegation": [],
            "enforce_private_link_endpoint_network_policies": false,
            "enforce_private_link_service_network_policies": false,
            "id": "/subscriptions/dbeb8347-1964-4c45-b3c0-ffb54d82c093/resourceGroups/hei-gis-infraint-P/providers/Microsoft.Network/virtualNetworks/hei-gis-infraint-P-Spoke2-vnet/subnets/hei-gis-infraint-P-Spoke2-subnet",
            "name": "hei-gis-infraint-P-Spoke2-subnet",
            "resource_group_name": "hei-gis-infraint-P",
            "service_endpoint_policy_ids": null,
            "service_endpoints": null,
            "timeouts": null,
            "virtual_network_name": "hei-gis-infraint-P-Spoke2-vnet"
          },
          "sensitive_attributes": [],
          "private": "eyJlMmJmYjczMC1lY2FhLTExZTYtOGY4OC0zNDM2M2JjN2M0YzAiOnsiY3JlYXRlIjoxODAwMDAwMDAwMDAwLCJkZWxldGUiOjE4MDAwMDAwMDAwMDAsInJlYWQiOjMwMDAwMDAwMDAwMCwidXBkYXRlIjoxODAwMDAwMDAwMDAwfX0=",
          "dependencies": [
            "azurerm_resource_group.RG",
            "azurerm_virtual_network.spoke2-vnet"
          ]
        }
      ]
    },
    {
      "mode": "managed",
      "type": "azurerm_subnet_route_table_association",
      "name": "Spoke1-Associate",
      "provider": "provider[\"registry.terraform.io/hashicorp/azurerm\"]",
      "instances": [
        {
          "schema_version": 0,
          "attributes": {
            "id": "/subscriptions/dbeb8347-1964-4c45-b3c0-ffb54d82c093/resourceGroups/hei-gis-infraint-P/providers/Microsoft.Network/virtualNetworks/hei-gis-infraint-P-Spoke1-vnet/subnets/hei-gis-infraint-P-Spoke1-subnet",
            "route_table_id": "/subscriptions/dbeb8347-1964-4c45-b3c0-ffb54d82c093/resourceGroups/hei-gis-infraint-P/providers/Microsoft.Network/routeTables/rt-hei-gis-infraint-P-01",
            "subnet_id": "/subscriptions/dbeb8347-1964-4c45-b3c0-ffb54d82c093/resourceGroups/hei-gis-infraint-P/providers/Microsoft.Network/virtualNetworks/hei-gis-infraint-P-Spoke1-vnet/subnets/hei-gis-infraint-P-Spoke1-subnet",
            "timeouts": null
          },
          "sensitive_attributes": [],
          "private": "eyJlMmJmYjczMC1lY2FhLTExZTYtOGY4OC0zNDM2M2JjN2M0YzAiOnsiY3JlYXRlIjoxODAwMDAwMDAwMDAwLCJkZWxldGUiOjE4MDAwMDAwMDAwMDAsInJlYWQiOjMwMDAwMDAwMDAwMCwidXBkYXRlIjoxODAwMDAwMDAwMDAwfX0=",
          "dependencies": [
            "azurerm_firewall.Firewall",
            "azurerm_public_ip.publicip",
            "azurerm_resource_group.FirewallRG",
            "azurerm_resource_group.RG",
            "azurerm_route_table.Route_Table",
            "azurerm_subnet.hub-subnet",
            "azurerm_subnet.spoke1-subnet",
            "azurerm_virtual_network.hub-vnet",
            "azurerm_virtual_network.spoke1-vnet"
          ]
        }
      ]
    },
    {
      "mode": "managed",
      "type": "azurerm_subnet_route_table_association",
      "name": "Spoke2-Associate",
      "provider": "provider[\"registry.terraform.io/hashicorp/azurerm\"]",
      "instances": [
        {
          "schema_version": 0,
          "attributes": {
            "id": "/subscriptions/dbeb8347-1964-4c45-b3c0-ffb54d82c093/resourceGroups/hei-gis-infraint-P/providers/Microsoft.Network/virtualNetworks/hei-gis-infraint-P-Spoke2-vnet/subnets/hei-gis-infraint-P-Spoke2-subnet",
            "route_table_id": "/subscriptions/dbeb8347-1964-4c45-b3c0-ffb54d82c093/resourceGroups/hei-gis-infraint-P/providers/Microsoft.Network/routeTables/rt-hei-gis-infraint-P-02",
            "subnet_id": "/subscriptions/dbeb8347-1964-4c45-b3c0-ffb54d82c093/resourceGroups/hei-gis-infraint-P/providers/Microsoft.Network/virtualNetworks/hei-gis-infraint-P-Spoke2-vnet/subnets/hei-gis-infraint-P-Spoke2-subnet",
            "timeouts": null
          },
          "sensitive_attributes": [],
          "private": "eyJlMmJmYjczMC1lY2FhLTExZTYtOGY4OC0zNDM2M2JjN2M0YzAiOnsiY3JlYXRlIjoxODAwMDAwMDAwMDAwLCJkZWxldGUiOjE4MDAwMDAwMDAwMDAsInJlYWQiOjMwMDAwMDAwMDAwMCwidXBkYXRlIjoxODAwMDAwMDAwMDAwfX0=",
          "dependencies": [
            "azurerm_firewall.Firewall",
            "azurerm_public_ip.publicip",
            "azurerm_resource_group.FirewallRG",
            "azurerm_resource_group.RG",
            "azurerm_route_table.Route_Table1",
            "azurerm_subnet.hub-subnet",
            "azurerm_subnet.spoke2-subnet",
            "azurerm_virtual_network.hub-vnet",
            "azurerm_virtual_network.spoke2-vnet"
          ]
        }
      ]
    },
    {
      "mode": "managed",
      "type": "azurerm_virtual_machine",
      "name": "linux-vm1",
      "provider": "provider[\"registry.terraform.io/hashicorp/azurerm\"]",
      "instances": [
        {
          "schema_version": 0,
          "attributes": {
            "additional_capabilities": [],
            "availability_set_id": null,
            "boot_diagnostics": [],
            "delete_data_disks_on_termination": false,
            "delete_os_disk_on_termination": false,
            "id": "/subscriptions/dbeb8347-1964-4c45-b3c0-ffb54d82c093/resourceGroups/hei-gis-infraint-P/providers/Microsoft.Compute/virtualMachines/hei-gis-infraint-p-linux-vm1",
            "identity": [],
            "license_type": null,
            "location": "eastus",
            "name": "hei-gis-infraint-p-linux-vm1",
            "network_interface_ids": [
              "/subscriptions/dbeb8347-1964-4c45-b3c0-ffb54d82c093/resourceGroups/hei-gis-infraint-P/providers/Microsoft.Network/networkInterfaces/hei-gis-infraint-P-spoke1-nic"
            ],
            "os_profile": [
              {
                "admin_password": "",
                "admin_username": "azuser",
                "computer_name": "HNK-VM1",
                "custom_data": ""
              }
            ],
            "os_profile_linux_config": [
              {
                "disable_password_authentication": false,
                "ssh_keys": []
              }
            ],
            "os_profile_secrets": [],
            "os_profile_windows_config": [],
            "plan": [],
            "primary_network_interface_id": null,
            "proximity_placement_group_id": null,
            "resource_group_name": "hei-gis-infraint-P",
            "storage_data_disk": [],
            "storage_image_reference": [
              {
                "id": "",
                "offer": "RHEL",
                "publisher": "RedHat",
                "sku": "7-LVM",
                "version": "latest"
              }
            ],
            "storage_os_disk": [
              {
                "caching": "ReadWrite",
                "create_option": "FromImage",
                "disk_size_gb": 64,
                "image_uri": "",
                "managed_disk_id": "/subscriptions/dbeb8347-1964-4c45-b3c0-ffb54d82c093/resourceGroups/hei-gis-infraint-P/providers/Microsoft.Compute/disks/myosdisk1",
                "managed_disk_type": "Standard_LRS",
                "name": "myosdisk1",
                "os_type": "Linux",
                "vhd_uri": "",
                "write_accelerator_enabled": false
              }
            ],
            "tags": null,
            "timeouts": null,
            "vm_size": "Standard_DS1_v2",
            "zones": null
          },
          "sensitive_attributes": [],
          "private": "eyJlMmJmYjczMC1lY2FhLTExZTYtOGY4OC0zNDM2M2JjN2M0YzAiOnsiY3JlYXRlIjozNjAwMDAwMDAwMDAwLCJkZWxldGUiOjM2MDAwMDAwMDAwMDAsInJlYWQiOjMwMDAwMDAwMDAwMCwidXBkYXRlIjozNjAwMDAwMDAwMDAwfX0=",
          "dependencies": [
            "azurerm_network_interface.spoke1-nic",
            "azurerm_resource_group.RG",
            "azurerm_subnet.spoke1-subnet",
            "azurerm_virtual_network.spoke1-vnet"
          ]
        }
      ]
    },
    {
      "mode": "managed",
      "type": "azurerm_virtual_machine",
      "name": "linux-vm2",
      "provider": "provider[\"registry.terraform.io/hashicorp/azurerm\"]",
      "instances": [
        {
          "schema_version": 0,
          "attributes": {
            "additional_capabilities": [],
            "availability_set_id": null,
            "boot_diagnostics": [],
            "delete_data_disks_on_termination": false,
            "delete_os_disk_on_termination": false,
            "id": "/subscriptions/dbeb8347-1964-4c45-b3c0-ffb54d82c093/resourceGroups/hei-gis-infraint-P/providers/Microsoft.Compute/virtualMachines/hei-gis-infraint-p-linux-vm2",
            "identity": [],
            "license_type": null,
            "location": "eastus",
            "name": "hei-gis-infraint-p-linux-vm2",
            "network_interface_ids": [
              "/subscriptions/dbeb8347-1964-4c45-b3c0-ffb54d82c093/resourceGroups/hei-gis-infraint-P/providers/Microsoft.Network/networkInterfaces/hei-gis-infraint-P-spoke2-nic"
            ],
            "os_profile": [
              {
                "admin_password": "",
                "admin_username": "azuser",
                "computer_name": "HNK-VM2",
                "custom_data": ""
              }
            ],
            "os_profile_linux_config": [
              {
                "disable_password_authentication": false,
                "ssh_keys": []
              }
            ],
            "os_profile_secrets": [],
            "os_profile_windows_config": [],
            "plan": [],
            "primary_network_interface_id": null,
            "proximity_placement_group_id": null,
            "resource_group_name": "hei-gis-infraint-P",
            "storage_data_disk": [],
            "storage_image_reference": [
              {
                "id": "",
                "offer": "RHEL",
                "publisher": "RedHat",
                "sku": "7-LVM",
                "version": "latest"
              }
            ],
            "storage_os_disk": [
              {
                "caching": "ReadWrite",
                "create_option": "FromImage",
                "disk_size_gb": 64,
                "image_uri": "",
                "managed_disk_id": "/subscriptions/dbeb8347-1964-4c45-b3c0-ffb54d82c093/resourceGroups/hei-gis-infraint-P/providers/Microsoft.Compute/disks/myosdisk2",
                "managed_disk_type": "Standard_LRS",
                "name": "myosdisk2",
                "os_type": "Linux",
                "vhd_uri": "",
                "write_accelerator_enabled": false
              }
            ],
            "tags": null,
            "timeouts": null,
            "vm_size": "Standard_DS1_v2",
            "zones": null
          },
          "sensitive_attributes": [],
          "private": "eyJlMmJmYjczMC1lY2FhLTExZTYtOGY4OC0zNDM2M2JjN2M0YzAiOnsiY3JlYXRlIjozNjAwMDAwMDAwMDAwLCJkZWxldGUiOjM2MDAwMDAwMDAwMDAsInJlYWQiOjMwMDAwMDAwMDAwMCwidXBkYXRlIjozNjAwMDAwMDAwMDAwfX0=",
          "dependencies": [
            "azurerm_network_interface.spoke2-nic",
            "azurerm_resource_group.RG",
            "azurerm_subnet.spoke2-subnet",
            "azurerm_virtual_network.spoke2-vnet"
          ]
        }
      ]
    },
    {
      "mode": "managed",
      "type": "azurerm_virtual_network",
      "name": "hub-vnet",
      "provider": "provider[\"registry.terraform.io/hashicorp/azurerm\"]",
      "instances": [
        {
          "schema_version": 0,
          "attributes": {
            "address_space": [
              "10.0.0.0/16"
            ],
            "bgp_community": "",
            "ddos_protection_plan": [],
            "dns_servers": [],
            "guid": "896ebbfa-a464-4606-8140-77e8fd527d8b",
            "id": "/subscriptions/dbeb8347-1964-4c45-b3c0-ffb54d82c093/resourceGroups/hei-gis-infraint-P/providers/Microsoft.Network/virtualNetworks/hei-gis-infraint-P-hub-vnet",
            "location": "eastus",
            "name": "hei-gis-infraint-P-hub-vnet",
            "resource_group_name": "hei-gis-infraint-P",
            "subnet": [],
            "tags": null,
            "timeouts": null,
            "vm_protection_enabled": false
          },
          "sensitive_attributes": [],
          "private": "eyJlMmJmYjczMC1lY2FhLTExZTYtOGY4OC0zNDM2M2JjN2M0YzAiOnsiY3JlYXRlIjoxODAwMDAwMDAwMDAwLCJkZWxldGUiOjE4MDAwMDAwMDAwMDAsInJlYWQiOjMwMDAwMDAwMDAwMCwidXBkYXRlIjoxODAwMDAwMDAwMDAwfX0=",
          "dependencies": [
            "azurerm_resource_group.RG"
          ]
        }
      ]
    },
    {
      "mode": "managed",
      "type": "azurerm_virtual_network",
      "name": "spoke1-vnet",
      "provider": "provider[\"registry.terraform.io/hashicorp/azurerm\"]",
      "instances": [
        {
          "schema_version": 0,
          "attributes": {
            "address_space": [
              "20.0.0.0/16"
            ],
            "bgp_community": "",
            "ddos_protection_plan": [],
            "dns_servers": [],
            "guid": "a4b08fdd-2a97-4e58-8002-fa1597473e49",
            "id": "/subscriptions/dbeb8347-1964-4c45-b3c0-ffb54d82c093/resourceGroups/hei-gis-infraint-P/providers/Microsoft.Network/virtualNetworks/hei-gis-infraint-P-Spoke1-vnet",
            "location": "eastus",
            "name": "hei-gis-infraint-P-Spoke1-vnet",
            "resource_group_name": "hei-gis-infraint-P",
            "subnet": [],
            "tags": null,
            "timeouts": null,
            "vm_protection_enabled": false
          },
          "sensitive_attributes": [],
          "private": "eyJlMmJmYjczMC1lY2FhLTExZTYtOGY4OC0zNDM2M2JjN2M0YzAiOnsiY3JlYXRlIjoxODAwMDAwMDAwMDAwLCJkZWxldGUiOjE4MDAwMDAwMDAwMDAsInJlYWQiOjMwMDAwMDAwMDAwMCwidXBkYXRlIjoxODAwMDAwMDAwMDAwfX0=",
          "dependencies": [
            "azurerm_resource_group.RG"
          ]
        }
      ]
    },
    {
      "mode": "managed",
      "type": "azurerm_virtual_network",
      "name": "spoke2-vnet",
      "provider": "provider[\"registry.terraform.io/hashicorp/azurerm\"]",
      "instances": [
        {
          "schema_version": 0,
          "attributes": {
            "address_space": [
              "30.0.0.0/16"
            ],
            "bgp_community": "",
            "ddos_protection_plan": [],
            "dns_servers": [],
            "guid": "34b6d57f-6389-4fa8-8ade-14b11824f922",
            "id": "/subscriptions/dbeb8347-1964-4c45-b3c0-ffb54d82c093/resourceGroups/hei-gis-infraint-P/providers/Microsoft.Network/virtualNetworks/hei-gis-infraint-P-Spoke2-vnet",
            "location": "eastus",
            "name": "hei-gis-infraint-P-Spoke2-vnet",
            "resource_group_name": "hei-gis-infraint-P",
            "subnet": [],
            "tags": null,
            "timeouts": null,
            "vm_protection_enabled": false
          },
          "sensitive_attributes": [],
          "private": "eyJlMmJmYjczMC1lY2FhLTExZTYtOGY4OC0zNDM2M2JjN2M0YzAiOnsiY3JlYXRlIjoxODAwMDAwMDAwMDAwLCJkZWxldGUiOjE4MDAwMDAwMDAwMDAsInJlYWQiOjMwMDAwMDAwMDAwMCwidXBkYXRlIjoxODAwMDAwMDAwMDAwfX0=",
          "dependencies": [
            "azurerm_resource_group.RG"
          ]
        }
      ]
    },
    {
      "mode": "managed",
      "type": "azurerm_virtual_network_peering",
      "name": "Spoke1_to_hub",
      "provider": "provider[\"registry.terraform.io/hashicorp/azurerm\"]",
      "instances": [
        {
          "schema_version": 0,
          "attributes": {
            "allow_forwarded_traffic": false,
            "allow_gateway_transit": false,
            "allow_virtual_network_access": true,
            "id": "/subscriptions/dbeb8347-1964-4c45-b3c0-ffb54d82c093/resourceGroups/hei-gis-infraint-P/providers/Microsoft.Network/virtualNetworks/hei-gis-infraint-P-Spoke1-vnet/virtualNetworkPeerings/Spoke1ToHub",
            "name": "Spoke1ToHub",
            "remote_virtual_network_id": "/subscriptions/dbeb8347-1964-4c45-b3c0-ffb54d82c093/resourceGroups/hei-gis-infraint-P/providers/Microsoft.Network/virtualNetworks/hei-gis-infraint-P-hub-vnet",
            "resource_group_name": "hei-gis-infraint-P",
            "timeouts": null,
            "use_remote_gateways": false,
            "virtual_network_name": "hei-gis-infraint-P-Spoke1-vnet"
          },
          "sensitive_attributes": [],
          "private": "eyJlMmJmYjczMC1lY2FhLTExZTYtOGY4OC0zNDM2M2JjN2M0YzAiOnsiY3JlYXRlIjoxODAwMDAwMDAwMDAwLCJkZWxldGUiOjE4MDAwMDAwMDAwMDAsInJlYWQiOjMwMDAwMDAwMDAwMCwidXBkYXRlIjoxODAwMDAwMDAwMDAwfX0=",
          "dependencies": [
            "azurerm_resource_group.RG",
            "azurerm_virtual_network.hub-vnet",
            "azurerm_virtual_network.spoke1-vnet"
          ]
        }
      ]
    },
    {
      "mode": "managed",
      "type": "azurerm_virtual_network_peering",
      "name": "Spoke2_to_hub",
      "provider": "provider[\"registry.terraform.io/hashicorp/azurerm\"]",
      "instances": [
        {
          "schema_version": 0,
          "attributes": {
            "allow_forwarded_traffic": false,
            "allow_gateway_transit": false,
            "allow_virtual_network_access": true,
            "id": "/subscriptions/dbeb8347-1964-4c45-b3c0-ffb54d82c093/resourceGroups/hei-gis-infraint-P/providers/Microsoft.Network/virtualNetworks/hei-gis-infraint-P-Spoke2-vnet/virtualNetworkPeerings/Spoke2ToHub",
            "name": "Spoke2ToHub",
            "remote_virtual_network_id": "/subscriptions/dbeb8347-1964-4c45-b3c0-ffb54d82c093/resourceGroups/hei-gis-infraint-P/providers/Microsoft.Network/virtualNetworks/hei-gis-infraint-P-hub-vnet",
            "resource_group_name": "hei-gis-infraint-P",
            "timeouts": null,
            "use_remote_gateways": false,
            "virtual_network_name": "hei-gis-infraint-P-Spoke2-vnet"
          },
          "sensitive_attributes": [],
          "private": "eyJlMmJmYjczMC1lY2FhLTExZTYtOGY4OC0zNDM2M2JjN2M0YzAiOnsiY3JlYXRlIjoxODAwMDAwMDAwMDAwLCJkZWxldGUiOjE4MDAwMDAwMDAwMDAsInJlYWQiOjMwMDAwMDAwMDAwMCwidXBkYXRlIjoxODAwMDAwMDAwMDAwfX0=",
          "dependencies": [
            "azurerm_resource_group.RG",
            "azurerm_virtual_network.hub-vnet",
            "azurerm_virtual_network.spoke2-vnet"
          ]
        }
      ]
    },
    {
      "mode": "managed",
      "type": "azurerm_virtual_network_peering",
      "name": "hub_to_spoke1",
      "provider": "provider[\"registry.terraform.io/hashicorp/azurerm\"]",
      "instances": [
        {
          "schema_version": 0,
          "attributes": {
            "allow_forwarded_traffic": false,
            "allow_gateway_transit": false,
            "allow_virtual_network_access": true,
            "id": "/subscriptions/dbeb8347-1964-4c45-b3c0-ffb54d82c093/resourceGroups/hei-gis-infraint-P/providers/Microsoft.Network/virtualNetworks/hei-gis-infraint-P-hub-vnet/virtualNetworkPeerings/hubtospoke1",
            "name": "hubtospoke1",
            "remote_virtual_network_id": "/subscriptions/dbeb8347-1964-4c45-b3c0-ffb54d82c093/resourceGroups/hei-gis-infraint-P/providers/Microsoft.Network/virtualNetworks/hei-gis-infraint-P-Spoke1-vnet",
            "resource_group_name": "hei-gis-infraint-P",
            "timeouts": null,
            "use_remote_gateways": false,
            "virtual_network_name": "hei-gis-infraint-P-hub-vnet"
          },
          "sensitive_attributes": [],
          "private": "eyJlMmJmYjczMC1lY2FhLTExZTYtOGY4OC0zNDM2M2JjN2M0YzAiOnsiY3JlYXRlIjoxODAwMDAwMDAwMDAwLCJkZWxldGUiOjE4MDAwMDAwMDAwMDAsInJlYWQiOjMwMDAwMDAwMDAwMCwidXBkYXRlIjoxODAwMDAwMDAwMDAwfX0=",
          "dependencies": [
            "azurerm_resource_group.RG",
            "azurerm_virtual_network.hub-vnet",
            "azurerm_virtual_network.spoke1-vnet"
          ]
        }
      ]
    },
    {
      "mode": "managed",
      "type": "azurerm_virtual_network_peering",
      "name": "hub_to_spoke2",
      "provider": "provider[\"registry.terraform.io/hashicorp/azurerm\"]",
      "instances": [
        {
          "schema_version": 0,
          "attributes": {
            "allow_forwarded_traffic": false,
            "allow_gateway_transit": false,
            "allow_virtual_network_access": true,
            "id": "/subscriptions/dbeb8347-1964-4c45-b3c0-ffb54d82c093/resourceGroups/hei-gis-infraint-P/providers/Microsoft.Network/virtualNetworks/hei-gis-infraint-P-hub-vnet/virtualNetworkPeerings/hubtospoke2",
            "name": "hubtospoke2",
            "remote_virtual_network_id": "/subscriptions/dbeb8347-1964-4c45-b3c0-ffb54d82c093/resourceGroups/hei-gis-infraint-P/providers/Microsoft.Network/virtualNetworks/hei-gis-infraint-P-Spoke2-vnet",
            "resource_group_name": "hei-gis-infraint-P",
            "timeouts": null,
            "use_remote_gateways": false,
            "virtual_network_name": "hei-gis-infraint-P-hub-vnet"
          },
          "sensitive_attributes": [],
          "private": "eyJlMmJmYjczMC1lY2FhLTExZTYtOGY4OC0zNDM2M2JjN2M0YzAiOnsiY3JlYXRlIjoxODAwMDAwMDAwMDAwLCJkZWxldGUiOjE4MDAwMDAwMDAwMDAsInJlYWQiOjMwMDAwMDAwMDAwMCwidXBkYXRlIjoxODAwMDAwMDAwMDAwfX0=",
          "dependencies": [
            "azurerm_resource_group.RG",
            "azurerm_virtual_network.hub-vnet",
            "azurerm_virtual_network.spoke2-vnet"
          ]
        }
      ]
    }
  ]
}
